// !$*UTF8*$!
{
	archiveVersion = 1;
	classes = {};
	objectVersion = 56;
	objects = {
		000000000000000000000001 = {isa = PBXFileReference; lastKnownFileType = sourcecode.swift; path = TongZhangApp.swift; sourceTree = "<group>";};
		000000000000000000000002 = {isa = PBXFileReference; lastKnownFileType = sourcecode.swift; path = Models.swift; sourceTree = "<group>";};
		000000000000000000000003 = {isa = PBXFileReference; lastKnownFileType = sourcecode.swift; path = ContentView.swift; sourceTree = "<group>";};
		000000000000000000000004 = {isa = PBXFileReference; lastKnownFileType = text.plist.xml; path = Info.plist; sourceTree = "<group>";};
		000000000000000000000006 = {isa = PBXFileReference; lastKnownFileType = text.plist.xml; path = Info.plist; sourceTree = "<group>";};
		000000000000000000000005 = {isa = PBXFileReference; lastKnownFileType = sourcecode.swift; path = SettlementEngineTests.swift; sourceTree = "<group>";};
		000000000000000000000010 = {isa = PBXGroup; children = (000000000000000000000001,000000000000000000000002,000000000000000000000003,000000000000000000000004); path = TongZhang; sourceTree = "<group>";};
		000000000000000000000011 = {isa = PBXGroup; children = (000000000000000000000005,000000000000000000000006); path = TongZhangTests; sourceTree = "<group>";};
		000000000000000000000012 = {isa = PBXGroup; children = (000000000000000000000010,000000000000000000000011,000000000000000000000044); sourceTree = "<group>";};
		000000000000000000000020 = {isa = PBXBuildFile; fileRef = 000000000000000000000001;};
		000000000000000000000021 = {isa = PBXBuildFile; fileRef = 000000000000000000000002;};
		000000000000000000000022 = {isa = PBXBuildFile; fileRef = 000000000000000000000003;};
		000000000000000000000023 = {isa = PBXBuildFile; fileRef = 000000000000000000000005;};
		000000000000000000000030 = {isa = PBXSourcesBuildPhase; files = (000000000000000000000020,000000000000000000000021,000000000000000000000022);};
		000000000000000000000031 = {isa = PBXSourcesBuildPhase; files = (000000000000000000000023);};
		000000000000000000000040 = {isa = PBXNativeTarget; buildConfigurationList = 000000000000000000000050; buildPhases = (000000000000000000000030); name = TongZhang; productName = TongZhang; productReference = 000000000000000000000041; productType = "com.apple.product-type.application";};
		000000000000000000000041 = {isa = PBXFileReference; explicitFileType = wrapper.application; path = TongZhang.app; sourceTree = BUILT_PRODUCTS_DIR;};
		000000000000000000000042 = {isa = PBXNativeTarget; buildConfigurationList = 000000000000000000000051; buildPhases = (000000000000000000000031); dependencies = (000000000000000000000047); name = TongZhangTests; productName = TongZhangTests; productReference = 000000000000000000000043; productType = "com.apple.product-type.bundle.unit-test";};
		000000000000000000000043 = {isa = PBXFileReference; explicitFileType = wrapper.cfbundle; path = TongZhangTests.xctest; sourceTree = BUILT_PRODUCTS_DIR;};
		000000000000000000000044 = {isa = PBXGroup; children = (000000000000000000000041,000000000000000000000043); name = Products; sourceTree = "<group>";};
		000000000000000000000045 = {isa = PBXProject; attributes = {LastUpgradeCheck = 1500;}; buildConfigurationList = 000000000000000000000052; compatibilityVersion = "Xcode 14.0"; developmentRegion = en; hasScannedForEncodings = 0; mainGroup = 000000000000000000000012; productRefGroup = 000000000000000000000044; projectDirPath = ""; projectRoot = ""; targets = (000000000000000000000040,000000000000000000000042);};
		000000000000000000000046 = {isa = PBXContainerItemProxy; containerPortal = 000000000000000000000045; proxyType = 1; remoteGlobalIDString = 000000000000000000000040; remoteInfo = TongZhang;};
		000000000000000000000047 = {isa = PBXTargetDependency; target = 000000000000000000000040; targetProxy = 000000000000000000000046;};
		000000000000000000000050 = {isa = XCConfigurationList; buildConfigurations = (000000000000000000000060,000000000000000000000061); defaultConfigurationIsVisible = 0; defaultConfigurationName = Release;};
		000000000000000000000051 = {isa = XCConfigurationList; buildConfigurations = (000000000000000000000062,000000000000000000000063); defaultConfigurationIsVisible = 0; defaultConfigurationName = Release;};
		000000000000000000000052 = {isa = XCConfigurationList; buildConfigurations = (000000000000000000000064,000000000000000000000065); defaultConfigurationIsVisible = 0; defaultConfigurationName = Release;};
		000000000000000000000060 = {isa = XCBuildConfiguration; buildSettings = {INFOPLIST_FILE = TongZhang/Info.plist; IPHONEOS_DEPLOYMENT_TARGET = 17.0; PRODUCT_BUNDLE_IDENTIFIER = com.example.tongzhang; PRODUCT_NAME = "$(TARGET_NAME)"; SWIFT_VERSION = 5.0; TARGETED_DEVICE_FAMILY = "1,2";}; name = Debug;};
		000000000000000000000061 = {isa = XCBuildConfiguration; buildSettings = {INFOPLIST_FILE = TongZhang/Info.plist; IPHONEOS_DEPLOYMENT_TARGET = 17.0; PRODUCT_BUNDLE_IDENTIFIER = com.example.tongzhang; PRODUCT_NAME = "$(TARGET_NAME)"; SWIFT_VERSION = 5.0; TARGETED_DEVICE_FAMILY = "1,2";}; name = Release;};
		000000000000000000000062 = {isa = XCBuildConfiguration; buildSettings = {BUNDLE_LOADER = "$(TEST_HOST)"; INFOPLIST_FILE = TongZhangTests/Info.plist; IPHONEOS_DEPLOYMENT_TARGET = 17.0; PRODUCT_BUNDLE_IDENTIFIER = com.example.tongzhang.tests; SWIFT_VERSION = 5.0; TEST_HOST = "$(BUILT_PRODUCTS_DIR)/TongZhang.app/TongZhang";}; name = Debug;};
		000000000000000000000063 = {isa = XCBuildConfiguration; buildSettings = {BUNDLE_LOADER = "$(TEST_HOST)"; INFOPLIST_FILE = TongZhangTests/Info.plist; IPHONEOS_DEPLOYMENT_TARGET = 17.0; PRODUCT_BUNDLE_IDENTIFIER = com.example.tongzhang.tests; SWIFT_VERSION = 5.0; TEST_HOST = "$(BUILT_PRODUCTS_DIR)/TongZhang.app/TongZhang";}; name = Release;};
		000000000000000000000064 = {isa = XCBuildConfiguration; buildSettings = {SDKROOT = iphoneos; SUPPORTED_PLATFORMS = "iphoneos iphonesimulator"; CODE_SIGN_STYLE = Automatic; PRODUCT_NAME = "$(TARGET_NAME)"; ENABLE_TESTABILITY = YES; SWIFT_OPTIMIZATION_LEVEL = "-Onone"; SWIFT_ACTIVE_COMPILATION_CONDITIONS = DEBUG; DEBUG_INFORMATION_FORMAT = dwarf; IPHONEOS_DEPLOYMENT_TARGET = 17.0; SWIFT_VERSION = 5.0;}; name = Debug;};
		000000000000000000000065 = {isa = XCBuildConfiguration; buildSettings = {SDKROOT = iphoneos; SUPPORTED_PLATFORMS = "iphoneos iphonesimulator"; CODE_SIGN_STYLE = Automatic; PRODUCT_NAME = "$(TARGET_NAME)"; SWIFT_OPTIMIZATION_LEVEL = "-O"; DEBUG_INFORMATION_FORMAT = "dwarf-with-dsym"; IPHONEOS_DEPLOYMENT_TARGET = 17.0; SWIFT_VERSION = 5.0;}; name = Release;};
	};
	rootObject = 000000000000000000000045;
}
